# @generated by Move, please check-in and do not edit manually.

[move]
version = 2
manifest_digest = "B9BF4032CC12DDEC916FEAC12C1026DAD4FD1077A7A3D0C79E863E7AB6FA1F96"
deps_digest = "F8BBB0CCB2491CA29A3DF03D6F92277A4F3574266507ACD77214D37ECA3F3082"
dependencies = [
  { name = "Sui" },
]

[[move.package]]
name = "MoveStdlib"
source = { git = "https://github.com/MystenLabs/sui.git", rev = "framework/testnet", subdir = "crates\\sui-framework\\packages\\move-stdlib" }

[[move.package]]
name = "Sui"
source = { git = "https://github.com/MystenLabs/sui.git", rev = "framework/testnet", subdir = "crates/sui-framework/packages/sui-framework" }

dependencies = [
  { name = "MoveStdlib" },
]

[move.toolchain-version]
compiler-version = "1.32.0"
edition = "2024.beta"
flavor = "sui"

[env]

[env.devnet]
chain-id = "b9643850"
original-published-id = "0xb8bb9c33aab075f0d7cdb92cf03a2383e80a8eb5e613f86a7963183bdc027cf7"
latest-published-id = "0xb8bb9c33aab075f0d7cdb92cf03a2383e80a8eb5e613f86a7963183bdc027cf7"
published-version = "1"








































































